
Microsoft Visual Studio Solution File, Format Version 12.00
# Visual Studio 15
VisualStudioVersion = 15.0.28307.106
MinimumVisualStudioVersion = 10.0.40219.1
Project("{FAE04EC0-301F-11D3-BF4B-00C04F79EFBC}") = "CoffeeShop", "CoffeeShop\CoffeeShop.csproj", "{AA951087-E935-4E8D-9248-82E0EBE76630}"
EndProject
Global
	GlobalSection(SolutionConfigurationPlatforms) = preSolution
		Debug|Any CPU = Debug|Any CPU
		Release|Any CPU = Release|Any CPU
	EndGlobalSection
	GlobalSection(ProjectConfigurationPlatforms) = postSolution
		{AA951087-E935-4E8D-9248-82E0EBE76630}.Debug|Any CPU.ActiveCfg = Debug|Any CPU
		{AA951087-E935-4E8D-9248-82E0EBE76630}.Debug|Any CPU.Build.0 = Debug|Any CPU
		{AA951087-E935-4E8D-9248-82E0EBE76630}.Release|Any CPU.ActiveCfg = Release|Any CPU
		{AA951087-E935-4E8D-9248-82E0EBE76630}.Release|Any CPU.Build.0 = Release|Any CPU
	EndGlobalSection
	GlobalSection(SolutionProperties) = preSolution
		HideSolutionNode = FALSE
	EndGlobalSection
	GlobalSection(ExtensibilityGlobals) = postSolution
		SolutionGuid = {50B40BCC-FB9D-4D1E-9A5B-964CE1DA3562}
	EndGlobalSection
EndGlobal
